// !$*UTF8*$!
{
	archiveVersion = 1;
	classes = {
	};
	objectVersion = 46;
	objects = {

/* Begin PBXBuildFile section */
		2A087D821C36A6F600CF6B1A /* main.m in Sources */ = {isa = PBXBuildFile; fileRef = 2A087D811C36A6F600CF6B1A /* main.m */; };
		2A087D851C36A6F600CF6B1A /* AppDelegate.m in Sources */ = {isa = PBXBuildFile; fileRef = 2A087D841C36A6F600CF6B1A /* AppDelegate.m */; };
		2A087D881C36A6F600CF6B1A /* ViewController.m in Sources */ = {isa = PBXBuildFile; fileRef = 2A087D871C36A6F600CF6B1A /* ViewController.m */; };
		2A087D8B1C36A6F600CF6B1A /* Main.storyboard in Resources */ = {isa = PBXBuildFile; fileRef = 2A087D891C36A6F600CF6B1A /* Main.storyboard */; };
		2A087D8D1C36A6F600CF6B1A /* Assets.xcassets in Resources */ = {isa = PBXBuildFile; fileRef = 2A087D8C1C36A6F600CF6B1A /* Assets.xcassets */; };
		2A087D901C36A6F600CF6B1A /* LaunchScreen.storyboard in Resources */ = {isa = PBXBuildFile; fileRef = 2A087D8E1C36A6F600CF6B1A /* LaunchScreen.storyboard */; };
		2A087D9B1C36A6F600CF6B1A /* XTimerTests.m in Sources */ = {isa = PBXBuildFile; fileRef = 2A087D9A1C36A6F600CF6B1A /* XTimerTests.m */; };
		2A087DA61C36A6F600CF6B1A /* XTimerUITests.m in Sources */ = {isa = PBXBuildFile; fileRef = 2A087DA51C36A6F600CF6B1A /* XTimerUITests.m */; };
		2A087DB51C36A85000CF6B1A /* XTimerViewController.m in Sources */ = {isa = PBXBuildFile; fileRef = 2A087DB41C36A85000CF6B1A /* XTimerViewController.m */; };
		2A087DB91C36A87300CF6B1A /* XTimer.m in Sources */ = {isa = PBXBuildFile; fileRef = 2A087DB81C36A87300CF6B1A /* XTimer.m */; };
/* End PBXBuildFile section */

/* Begin PBXContainerItemProxy section */
		2A087D971C36A6F600CF6B1A /* PBXContainerItemProxy */ = {
			isa = PBXContainerItemProxy;
			containerPortal = 2A087D751C36A6F600CF6B1A /* Project object */;
			proxyType = 1;
			remoteGlobalIDString = 2A087D7C1C36A6F600CF6B1A;
			remoteInfo = XTimer;
		};
		2A087DA21C36A6F600CF6B1A /* PBXContainerItemProxy */ = {
			isa = PBXContainerItemProxy;
			containerPortal = 2A087D751C36A6F600CF6B1A /* Project object */;
			proxyType = 1;
			remoteGlobalIDString = 2A087D7C1C36A6F600CF6B1A;
			remoteInfo = XTimer;
		};
/* End PBXContainerItemProxy section */

/* Begin PBXFileReference section */
		2A087D7D1C36A6F600CF6B1A /* XTimer.app */ = {isa = PBXFileReference; explicitFileType = wrapper.application; includeInIndex = 0; path = XTimer.app; sourceTree = BUILT_PRODUCTS_DIR; };
		2A087D811C36A6F600CF6B1A /* main.m */ = {isa = PBXFileReference; lastKnownFileType = sourcecode.c.objc; path = main.m; sourceTree = "<group>"; };
		2A087D831C36A6F600CF6B1A /* AppDelegate.h */ = {isa = PBXFileReference; lastKnownFileType = sourcecode.c.h; path = AppDelegate.h; sourceTree = "<group>"; };
		2A087D841C36A6F600CF6B1A /* AppDelegate.m */ = {isa = PBXFileReference; lastKnownFileType = sourcecode.c.objc; path = AppDelegate.m; sourceTree = "<group>"; };
		2A087D861C36A6F600CF6B1A /* ViewController.h */ = {isa = PBXFileReference; lastKnownFileType = sourcecode.c.h; path = ViewController.h; sourceTree = "<group>"; };
		2A087D871C36A6F600CF6B1A /* ViewController.m */ = {isa = PBXFileReference; lastKnownFileType = sourcecode.c.objc; path = ViewController.m; sourceTree = "<group>"; };
		2A087D8A1C36A6F600CF6B1A /* Base */ = {isa = PBXFileReference; lastKnownFileType = file.storyboard; name = Base; path = Base.lproj/Main.storyboard; sourceTree = "<group>"; };
		2A087D8C1C36A6F600CF6B1A /* Assets.xcassets */ = {isa = PBXFileReference; lastKnownFileType = folder.assetcatalog; path = Assets.xcassets; sourceTree = "<group>"; };
		2A087D8F1C36A6F600CF6B1A /* Base */ = {isa = PBXFileReference; lastKnownFileType = file.storyboard; name = Base; path = Base.lproj/LaunchScreen.storyboard; sourceTree = "<group>"; };
		2A087D911C36A6F600CF6B1A /* Info.plist */ = {isa = PBXFileReference; lastKnownFileType = text.plist.xml; path = Info.plist; sourceTree = "<group>"; };
		2A087D961C36A6F600CF6B1A /* XTimerTests.xctest */ = {isa = PBXFileReference; explicitFileType = wrapper.cfbundle; includeInIndex = 0; path = XTimerTests.xctest; sourceTree = BUILT_PRODUCTS_DIR; };
		2A087D9A1C36A6F600CF6B1A /* XTimerTests.m */ = {isa = PBXFileReference; lastKnownFileType = sourcecode.c.objc; path = XTimerTests.m; sourceTree = "<group>"; };
		2A087D9C1C36A6F600CF6B1A /* Info.plist */ = {isa = PBXFileReference; lastKnownFileType = text.plist.xml; path = Info.plist; sourceTree = "<group>"; };
		2A087DA11C36A6F600CF6B1A /* XTimerUITests.xctest */ = {isa = PBXFileReference; explicitFileType = wrapper.cfbundle; includeInIndex = 0; path = XTimerUITests.xctest; sourceTree = BUILT_PRODUCTS_DIR; };
		2A087DA51C36A6F600CF6B1A /* XTimerUITests.m */ = {isa = PBXFileReference; lastKnownFileType = sourcecode.c.objc; path = XTimerUITests.m; sourceTree = "<group>"; };
		2A087DA71C36A6F600CF6B1A /* Info.plist */ = {isa = PBXFileReference; lastKnownFileType = text.plist.xml; path = Info.plist; sourceTree = "<group>"; };
		2A087DB31C36A85000CF6B1A /* XTimerViewController.h */ = {isa = PBXFileReference; fileEncoding = 4; lastKnownFileType = sourcecode.c.h; path = XTimerViewController.h; sourceTree = "<group>"; };
		2A087DB41C36A85000CF6B1A /* XTimerViewController.m */ = {isa = PBXFileReference; fileEncoding = 4; lastKnownFileType = sourcecode.c.objc; path = XTimerViewController.m; sourceTree = "<group>"; };
		2A087DB71C36A87300CF6B1A /* XTimer.h */ = {isa = PBXFileReference; fileEncoding = 4; lastKnownFileType = sourcecode.c.h; path = XTimer.h; sourceTree = "<group>"; };
		2A087DB81C36A87300CF6B1A /* XTimer.m */ = {isa = PBXFileReference; fileEncoding = 4; lastKnownFileType = sourcecode.c.objc; path = XTimer.m; sourceTree = "<group>"; };
/* End PBXFileReference section */

/* Begin PBXFrameworksBuildPhase section */
		2A087D7A1C36A6F600CF6B1A /* Frameworks */ = {
			isa = PBXFrameworksBuildPhase;
			buildActionMask = 2147483647;
			files = (
			);
			runOnlyForDeploymentPostprocessing = 0;
		};
		2A087D931C36A6F600CF6B1A /* Frameworks */ = {
			isa = PBXFrameworksBuildPhase;
			buildActionMask = 2147483647;
			files = (
			);
			runOnlyForDeploymentPostprocessing = 0;
		};
		2A087D9E1C36A6F600CF6B1A /* Frameworks */ = {
			isa = PBXFrameworksBuildPhase;
			buildActionMask = 2147483647;
			files = (
			);
			runOnlyForDeploymentPostprocessing = 0;
		};
/* End PBXFrameworksBuildPhase section */

/* Begin PBXGroup section */
		2A087D741C36A6F600CF6B1A = {
			isa = PBXGroup;
			children = (
				2A087D7F1C36A6F600CF6B1A /* XTimer */,
				2A087D991C36A6F600CF6B1A /* XTimerTests */,
				2A087DA41C36A6F600CF6B1A /* XTimerUITests */,
				2A087D7E1C36A6F600CF6B1A /* Products */,
			);
			sourceTree = "<group>";
		};
		2A087D7E1C36A6F600CF6B1A /* Products */ = {
			isa = PBXGroup;
			children = (
				2A087D7D1C36A6F600CF6B1A /* XTimer.app */,
				2A087D961C36A6F600CF6B1A /* XTimerTests.xctest */,
				2A087DA11C36A6F600CF6B1A /* XTimerUITests.xctest */,
			);
			name = Products;
			sourceTree = "<group>";
		};
		2A087D7F1C36A6F600CF6B1A /* XTimer */ = {
			isa = PBXGroup;
			children = (
				2A087DB61C36A86300CF6B1A /* XTimer */,
				2A087D831C36A6F600CF6B1A /* AppDelegate.h */,
				2A087D841C36A6F600CF6B1A /* AppDelegate.m */,
				2A087D861C36A6F600CF6B1A /* ViewController.h */,
				2A087D871C36A6F600CF6B1A /* ViewController.m */,
				2A087DB31C36A85000CF6B1A /* XTimerViewController.h */,
				2A087DB41C36A85000CF6B1A /* XTimerViewController.m */,
				2A087D891C36A6F600CF6B1A /* Main.storyboard */,
				2A087D8C1C36A6F600CF6B1A /* Assets.xcassets */,
				2A087D8E1C36A6F600CF6B1A /* LaunchScreen.storyboard */,
				2A087D911C36A6F600CF6B1A /* Info.plist */,
				2A087D801C36A6F600CF6B1A /* Supporting Files */,
			);
			path = XTimer;
			sourceTree = "<group>";
		};
		2A087D801C36A6F600CF6B1A /* Supporting Files */ = {
			isa = PBXGroup;
			children = (
				2A087D811C36A6F600CF6B1A /* main.m */,
			);
			name = "Supporting Files";
			sourceTree = "<group>";
		};
		2A087D991C36A6F600CF6B1A /* XTimerTests */ = {
			isa = PBXGroup;
			children = (
				2A087D9A1C36A6F600CF6B1A /* XTimerTests.m */,
				2A087D9C1C36A6F600CF6B1A /* Info.plist */,
			);
			path = XTimerTests;
			sourceTree = "<group>";
		};
		2A087DA41C36A6F600CF6B1A /* XTimerUITests */ = {
			isa = PBXGroup;
			children = (
				2A087DA51C36A6F600CF6B1A /* XTimerUITests.m */,
				2A087DA71C36A6F600CF6B1A /* Info.plist */,
			);
			path = XTimerUITests;
			sourceTree = "<group>";
		};
		2A087DB61C36A86300CF6B1A /* XTimer */ = {
			isa = PBXGroup;
			children = (
				2A087DB71C36A87300CF6B1A /* XTimer.h */,
				2A087DB81C36A87300CF6B1A /* XTimer.m */,
			);
			name = XTimer;
			sourceTree = "<group>";
		};
/* End PBXGroup section */

/* Begin PBXNativeTarget section */
		2A087D7C1C36A6F600CF6B1A /* XTimer */ = {
			isa = PBXNativeTarget;
			buildConfigurationList = 2A087DAA1C36A6F600CF6B1A /* Build configuration list for PBXNativeTarget "XTimer" */;
			buildPhases = (
				2A087D791C36A6F600CF6B1A /* Sources */,
				2A087D7A1C36A6F600CF6B1A /* Frameworks */,
				2A087D7B1C36A6F600CF6B1A /* Resources */,
			);
			buildRules = (
			);
			dependencies = (
			);
			name = XTimer;
			productName = XTimer;
			productReference = 2A087D7D1C36A6F600CF6B1A /* XTimer.app */;
			productType = "com.apple.product-type.application";
		};
		2A087D951C36A6F600CF6B1A /* XTimerTests */ = {
			isa = PBXNativeTarget;
			buildConfigurationList = 2A087DAD1C36A6F600CF6B1A /* Build configuration list for PBXNativeTarget "XTimerTests" */;
			buildPhases = (
				2A087D921C36A6F600CF6B1A /* Sources */,
				2A087D931C36A6F600CF6B1A /* Frameworks */,
				2A087D941C36A6F600CF6B1A /* Resources */,
			);
			buildRules = (
			);
			dependencies = (
				2A087D981C36A6F600CF6B1A /* PBXTargetDependency */,
			);
			name = XTimerTests;
			productName = XTimerTests;
			productReference = 2A087D961C36A6F600CF6B1A /* XTimerTests.xctest */;
			productType = "com.apple.product-type.bundle.unit-test";
		};
		2A087DA01C36A6F600CF6B1A /* XTimerUITests */ = {
			isa = PBXNativeTarget;
			buildConfigurationList = 2A087DB01C36A6F600CF6B1A /* Build configuration list for PBXNativeTarget "XTimerUITests" */;
			buildPhases = (
				2A087D9D1C36A6F600CF6B1A /* Sources */,
				2A087D9E1C36A6F600CF6B1A /* Frameworks */,
				2A087D9F1C36A6F600CF6B1A /* Resources */,
			);
			buildRules = (
			);
			dependencies = (
				2A087DA31C36A6F600CF6B1A /* PBXTargetDependency */,
			);
			name = XTimerUITests;
			productName = XTimerUITests;
			productReference = 2A087DA11C36A6F600CF6B1A /* XTimerUITests.xctest */;
			productType = "com.apple.product-type.bundle.ui-testing";
		};
/* End PBXNativeTarget section */

/* Begin PBXProject section */
		2A087D751C36A6F600CF6B1A /* Project object */ = {
			isa = PBXProject;
			attributes = {
				LastUpgradeCheck = 1010;
				ORGANIZATIONNAME = xlx;
				TargetAttributes = {
					2A087D7C1C36A6F600CF6B1A = {
						CreatedOnToolsVersion = 7.2;
					};
					2A087D951C36A6F600CF6B1A = {
						CreatedOnToolsVersion = 7.2;
						TestTargetID = 2A087D7C1C36A6F600CF6B1A;
					};
					2A087DA01C36A6F600CF6B1A = {
						CreatedOnToolsVersion = 7.2;
						TestTargetID = 2A087D7C1C36A6F600CF6B1A;
					};
				};
			};
			buildConfigurationList = 2A087D781C36A6F600CF6B1A /* Build configuration list for PBXProject "XTimer" */;
			compatibilityVersion = "Xcode 3.2";
			developmentRegion = English;
			hasScannedForEncodings = 0;
			knownRegions = (
				en,
				Base,
			);
			mainGroup = 2A087D741C36A6F600CF6B1A;
			productRefGroup = 2A087D7E1C36A6F600CF6B1A /* Products */;
			projectDirPath = "";
			projectRoot = "";
			targets = (
				2A087D7C1C36A6F600CF6B1A /* XTimer */,
				2A087D951C36A6F600CF6B1A /* XTimerTests */,
				2A087DA01C36A6F600CF6B1A /* XTimerUITests */,
			);
		};
/* End PBXProject section */

/* Begin PBXResourcesBuildPhase section */
		2A087D7B1C36A6F600CF6B1A /* Resources */ = {
			isa = PBXResourcesBuildPhase;
			buildActionMask = 2147483647;
			files = (
				2A087D901C36A6F600CF6B1A /* LaunchScreen.storyboard in Resources */,
				2A087D8D1C36A6F600CF6B1A /* Assets.xcassets in Resources */,
				2A087D8B1C36A6F600CF6B1A /* Main.storyboard in Resources */,
			);
			runOnlyForDeploymentPostprocessing = 0;
		};
		2A087D941C36A6F600CF6B1A /* Resources */ = {
			isa = PBXResourcesBuildPhase;
			buildActionMask = 2147483647;
			files = (
			);
			runOnlyForDeploymentPostprocessing = 0;
		};
		2A087D9F1C36A6F600CF6B1A /* Resources */ = {
			isa = PBXResourcesBuildPhase;
			buildActionMask = 2147483647;
			files = (
			);
			runOnlyForDeploymentPostprocessing = 0;
		};
/* End PBXResourcesBuildPhase section */

/* Begin PBXSourcesBuildPhase section */
		2A087D791C36A6F600CF6B1A /* Sources */ = {
			isa = PBXSourcesBuildPhase;
			buildActionMask = 2147483647;
			files = (
				2A087D881C36A6F600CF6B1A /* ViewController.m in Sources */,
				2A087DB51C36A85000CF6B1A /* XTimerViewController.m in Sources */,
				2A087D851C36A6F600CF6B1A /* AppDelegate.m in Sources */,
				2A087D821C36A6F600CF6B1A /* main.m in Sources */,
				2A087DB91C36A87300CF6B1A /* XTimer.m in Sources */,
			);
			runOnlyForDeploymentPostprocessing = 0;
		};
		2A087D921C36A6F600CF6B1A /* Sources */ = {
			isa = PBXSourcesBuildPhase;
			buildActionMask = 2147483647;
			files = (
				2A087D9B1C36A6F600CF6B1A /* XTimerTests.m in Sources */,
			);
			runOnlyForDeploymentPostprocessing = 0;
		};
		2A087D9D1C36A6F600CF6B1A /* Sources */ = {
			isa = PBXSourcesBuildPhase;
			buildActionMask = 2147483647;
			files = (
				2A087DA61C36A6F600CF6B1A /* XTimerUITests.m in Sources */,
			);
			runOnlyForDeploymentPostprocessing = 0;
		};
/* End PBXSourcesBuildPhase section */

/* Begin PBXTargetDependency section */
		2A087D981C36A6F600CF6B1A /* PBXTargetDependency */ = {
			isa = PBXTargetDependency;
			target = 2A087D7C1C36A6F600CF6B1A /* XTimer */;
			targetProxy = 2A087D971C36A6F600CF6B1A /* PBXContainerItemProxy */;
		};
		2A087DA31C36A6F600CF6B1A /* PBXTargetDependency */ = {
			isa = PBXTargetDependency;
			target = 2A087D7C1C36A6F600CF6B1A /* XTimer */;
			targetProxy = 2A087DA21C36A6F600CF6B1A /* PBXContainerItemProxy */;
		};
/* End PBXTargetDependency section */

/* Begin PBXVariantGroup section */
		2A087D891C36A6F600CF6B1A /* Main.storyboard */ = {
			isa = PBXVariantGroup;
			children = (
				2A087D8A1C36A6F600CF6B1A /* Base */,
			);
			name = Main.storyboard;
			sourceTree = "<group>";
		};
		2A087D8E1C36A6F600CF6B1A /* LaunchScreen.storyboard */ = {
			isa = PBXVariantGroup;
			children = (
				2A087D8F1C36A6F600CF6B1A /* Base */,
			);
			name = LaunchScreen.storyboard;
			sourceTree = "<group>";
		};
/* End PBXVariantGroup section */

/* Begin XCBuildConfiguration section */
		2A087DA81C36A6F600CF6B1A /* Debug */ = {
			isa = XCBuildConfiguration;
			buildSettings = {
				ALWAYS_SEARCH_USER_PATHS = NO;
				CLANG_CXX_LANGUAGE_STANDARD = "gnu++0x";
				CLANG_CXX_LIBRARY = "libc++";
				CLANG_ENABLE_MODULES = YES;
				CLANG_ENABLE_OBJC_ARC = YES;
				CLANG_WARN_BLOCK_CAPTURE_AUTORELEASING = YES;
				CLANG_WARN_BOOL_CONVERSION = YES;
				CLANG_WARN_COMMA = YES;
				CLANG_WARN_CONSTANT_CONVERSION = YES;
				CLANG_WARN_DEPRECATED_OBJC_IMPLEMENTATIONS = YES;
				CLANG_WARN_DIRECT_OBJC_ISA_USAGE = YES_ERROR;
				CLANG_WARN_EMPTY_BODY = YES;
				CLANG_WARN_ENUM_CONVERSION = YES;
				CLANG_WARN_INFINITE_RECURSION = YES;
				CLANG_WARN_INT_CONVERSION = YES;
				CLANG_WARN_NON_LITERAL_NULL_CONVERSION = YES;
				CLANG_WARN_OBJC_IMPLICIT_RETAIN_SELF = YES;
				CLANG_WARN_OBJC_LITERAL_CONVERSION = YES;
				CLANG_WARN_OBJC_ROOT_CLASS = YES_ERROR;
				CLANG_WARN_RANGE_LOOP_ANALYSIS = YES;
				CLANG_WARN_STRICT_PROTOTYPES = YES;
				CLANG_WARN_SUSPICIOUS_MOVE = YES;
				CLANG_WARN_UNREACHABLE_CODE = YES;
				CLANG_WARN__DUPLICATE_METHOD_MATCH = YES;
				"CODE_SIGN_IDENTITY[sdk=iphoneos*]" = "iPhone Developer";
				COPY_PHASE_STRIP = NO;
				DEBUG_INFORMATION_FORMAT = dwarf;
				ENABLE_STRICT_OBJC_MSGSEND = YES;
				ENABLE_TESTABILITY = YES;
				GCC_C_LANGUAGE_STANDARD = gnu99;
				GCC_DYNAMIC_NO_PIC = NO;
				GCC_NO_COMMON_BLOCKS = YES;
				GCC_OPTIMIZATION_LEVEL = 0;
				GCC_PREPROCESSOR_DEFINITIONS = (
					"DEBUG=1",
					"$(inherited)",
				);
				GCC_WARN_64_TO_32_BIT_CONVERSION = YES;
				GCC_WARN_ABOUT_RETURN_TYPE = YES_ERROR;
				GCC_WARN_UNDECLARED_SELECTOR = YES;
				GCC_WARN_UNINITIALIZED_AUTOS = YES_AGGRESSIVE;
				GCC_WARN_UNUSED_FUNCTION = YES;
				GCC_WARN_UNUSED_VARIABLE = YES;
				IPHONEOS_DEPLOYMENT_TARGET = 9.2;
				MTL_ENABLE_DEBUG_INFO = YES;
				ONLY_ACTIVE_ARCH = YES;
				SDKROOT = iphoneos;
				TARGETED_DEVICE_FAMILY = "1,2";
			};
			name = Debug;
		};
		2A087DA91C36A6F600CF6B1A /* Release */ = {
			isa = XCBuildConfiguration;
			buildSettings = {
				ALWAYS_SEARCH_USER_PATHS = NO;
				CLANG_CXX_LANGUAGE_STANDARD = "gnu++0x";
				CLANG_CXX_LIBRARY = "libc++";
				CLANG_ENABLE_MODULES = YES;
				CLANG_ENABLE_OBJC_ARC = YES;
				CLANG_WARN_BLOCK_CAPTURE_AUTORELEASING = YES;
				CLANG_WARN_BOOL_CONVERSION = YES;
				CLANG_WARN_COMMA = YES;
				CLANG_WARN_CONSTANT_CONVERSION = YES;
				CLANG_WARN_DEPRECATED_OBJC_IMPLEMENTATIONS = YES;
				CLANG_WARN_DIRECT_OBJC_ISA_USAGE = YES_ERROR;
				CLANG_WARN_EMPTY_BODY = YES;
				CLANG_WARN_ENUM_CONVERSION = YES;
				CLANG_WARN_INFINITE_RECURSION = YES;
				CLANG_WARN_INT_CONVERSION = YES;
				CLANG_WARN_NON_LITERAL_NULL_CONVERSION = YES;
				CLANG_WARN_OBJC_IMPLICIT_RETAIN_SELF = YES;
				CLANG_WARN_OBJC_LITERAL_CONVERSION = YES;
				CLANG_WARN_OBJC_ROOT_CLASS = YES_ERROR;
				CLANG_WARN_RANGE_LOOP_ANALYSIS = YES;
				CLANG_WARN_STRICT_PROTOTYPES = YES;
				CLANG_WARN_SUSPICIOUS_MOVE = YES;
				CLANG_WARN_UNREACHABLE_CODE = YES;
				CLANG_WARN__DUPLICATE_METHOD_MATCH = YES;
				"CODE_SIGN_IDENTITY[sdk=iphoneos*]" = "iPhone Developer";
				COPY_PHASE_STRIP = NO;
				DEBUG_INFORMATION_FORMAT = "dwarf-with-dsym";
				ENABLE_NS_ASSERTIONS = NO;
				ENABLE_STRICT_OBJC_MSGSEND = YES;
				GCC_C_LANGUAGE_STANDARD = gnu99;
				GCC_NO_COMMON_BLOCKS = YES;
				GCC_WARN_64_TO_32_BIT_CONVERSION = YES;
				GCC_WARN_ABOUT_RETURN_TYPE = YES_ERROR;
				GCC_WARN_UNDECLARED_SELECTOR = YES;
				GCC_WARN_UNINITIALIZED_AUTOS = YES_AGGRESSIVE;
				GCC_WARN_UNUSED_FUNCTION = YES;
				GCC_WARN_UNUSED_VARIABLE = YES;
				IPHONEOS_DEPLOYMENT_TARGET = 9.2;
				MTL_ENABLE_DEBUG_INFO = NO;
				SDKROOT = iphoneos;
				TARGETED_DEVICE_FAMILY = "1,2";
				VALIDATE_PRODUCT = YES;
			};
			name = Release;
		};
		2A087DAB1C36A6F600CF6B1A /* Debug */ = {
			isa = XCBuildConfiguration;
			buildSettings = {
				ASSETCATALOG_COMPILER_APPICON_NAME = AppIcon;
				INFOPLIST_FILE = XTimer/Info.plist;
				IPHONEOS_DEPLOYMENT_TARGET = 8.0;
				LD_RUNPATH_SEARCH_PATHS = "$(inherited) @executable_path/Frameworks";
				PRODUCT_BUNDLE_IDENTIFIER = com.xlx.XTimer;
				PRODUCT_NAME = "$(TARGET_NAME)";
			};
			name = Debug;
		};
		2A087DAC1C36A6F600CF6B1A /* Release */ = {
			isa = XCBuildConfiguration;
			buildSettings = {
				ASSETCATALOG_COMPILER_APPICON_NAME = AppIcon;
				INFOPLIST_FILE = XTimer/Info.plist;
				IPHONEOS_DEPLOYMENT_TARGET = 8.0;
				LD_RUNPATH_SEARCH_PATHS = "$(inherited) @executable_path/Frameworks";
				PRODUCT_BUNDLE_IDENTIFIER = com.xlx.XTimer;
				PRODUCT_NAME = "$(TARGET_NAME)";
			};
			name = Release;
		};
		2A087DAE1C36A6F600CF6B1A /* Debug */ = {
			isa = XCBuildConfiguration;
			buildSettings = {
				BUNDLE_LOADER = "$(TEST_HOST)";
				INFOPLIST_FILE = XTimerTests/Info.plist;
				LD_RUNPATH_SEARCH_PATHS = "$(inherited) @executable_path/Frameworks @loader_path/Frameworks";
				PRODUCT_BUNDLE_IDENTIFIER = com.xlx.XTimerTests;
				PRODUCT_NAME = "$(TARGET_NAME)";
				TEST_HOST = "$(BUILT_PRODUCTS_DIR)/XTimer.app/XTimer";
			};
			name = Debug;
		};
		2A087DAF1C36A6F600CF6B1A /* Release */ = {
			isa = XCBuildConfiguration;
			buildSettings = {
				BUNDLE_LOADER = "$(TEST_HOST)";
				INFOPLIST_FILE = XTimerTests/Info.plist;
				LD_RUNPATH_SEARCH_PATHS = "$(inherited) @executable_path/Frameworks @loader_path/Frameworks";
				PRODUCT_BUNDLE_IDENTIFIER = com.xlx.XTimerTests;
				PRODUCT_NAME = "$(TARGET_NAME)";
				TEST_HOST = "$(BUILT_PRODUCTS_DIR)/XTimer.app/XTimer";
			};
			name = Release;
		};
		2A087DB11C36A6F600CF6B1A /* Debug */ = {
			isa = XCBuildConfiguration;
			buildSettings = {
				INFOPLIST_FILE = XTimerUITests/Info.plist;
				LD_RUNPATH_SEARCH_PATHS = "$(inherited) @executable_path/Frameworks @loader_path/Frameworks";
				PRODUCT_BUNDLE_IDENTIFIER = com.xlx.XTimerUITests;
				PRODUCT_NAME = "$(TARGET_NAME)";
				TEST_TARGET_NAME = XTimer;
				USES_XCTRUNNER = YES;
			};
			name = Debug;
		};
		2A087DB21C36A6F600CF6B1A /* Release */ = {
			isa = XCBuildConfiguration;
			buildSettings = {
				INFOPLIST_FILE = XTimerUITests/Info.plist;
				LD_RUNPATH_SEARCH_PATHS = "$(inherited) @executable_path/Frameworks @loader_path/Frameworks";
				PRODUCT_BUNDLE_IDENTIFIER = com.xlx.XTimerUITests;
				PRODUCT_NAME = "$(TARGET_NAME)";
				TEST_TARGET_NAME = XTimer;
				USES_XCTRUNNER = YES;
			};
			name = Release;
		};
/* End XCBuildConfiguration section */

/* Begin XCConfigurationList section */
		2A087D781C36A6F600CF6B1A /* Build configuration list for PBXProject "XTimer" */ = {
			isa = XCConfigurationList;
			buildConfigurations = (
				2A087DA81C36A6F600CF6B1A /* Debug */,
				2A087DA91C36A6F600CF6B1A /* Release */,
			);
			defaultConfigurationIsVisible = 0;
			defaultConfigurationName = Release;
		};
		2A087DAA1C36A6F600CF6B1A /* Build configuration list for PBXNativeTarget "XTimer" */ = {
			isa = XCConfigurationList;
			buildConfigurations = (
				2A087DAB1C36A6F600CF6B1A /* Debug */,
				2A087DAC1C36A6F600CF6B1A /* Release */,
			);
			defaultConfigurationIsVisible = 0;
			defaultConfigurationName = Release;
		};
		2A087DAD1C36A6F600CF6B1A /* Build configuration list for PBXNativeTarget "XTimerTests" */ = {
			isa = XCConfigurationList;
			buildConfigurations = (
				2A087DAE1C36A6F600CF6B1A /* Debug */,
				2A087DAF1C36A6F600CF6B1A /* Release */,
			);
			defaultConfigurationIsVisible = 0;
			defaultConfigurationName = Release;
		};
		2A087DB01C36A6F600CF6B1A /* Build configuration list for PBXNativeTarget "XTimerUITests" */ = {
			isa = XCConfigurationList;
			buildConfigurations = (
				2A087DB11C36A6F600CF6B1A /* Debug */,
				2A087DB21C36A6F600CF6B1A /* Release */,
			);
			defaultConfigurationIsVisible = 0;
			defaultConfigurationName = Release;
		};
/* End XCConfigurationList section */
	};
	rootObject = 2A087D751C36A6F600CF6B1A /* Project object */;
}
